
Microsoft Visual Studio Solution File, Format Version 12.00
# Visual Studio Version 17
VisualStudioVersion = 17.0.32014.148
MinimumVisualStudioVersion = 10.0.40219.1
Project("{FAE04EC0-301F-11D3-BF4B-00C04F79EFBC}") = "FileOperations", "FileOperations\FileOperations.csproj", "{5B305869-B351-4449-881F-C5304EFDC2C6}"
EndProject
Global
	GlobalSection(SolutionConfigurationPlatforms) = preSolution
		Debug|Any CPU = Debug|Any CPU
		Release|Any CPU = Release|Any CPU
	EndGlobalSection
	GlobalSection(ProjectConfigurationPlatforms) = postSolution
		{5B305869-B351-4449-881F-C5304EFDC2C6}.Debug|Any CPU.ActiveCfg = Debug|Any CPU
		{5B305869-B351-4449-881F-C5304EFDC2C6}.Debug|Any CPU.Build.0 = Debug|Any CPU
		{5B305869-B351-4449-881F-C5304EFDC2C6}.Release|Any CPU.ActiveCfg = Release|Any CPU
		{5B305869-B351-4449-881F-C5304EFDC2C6}.Release|Any CPU.Build.0 = Release|Any CPU
	EndGlobalSection
	GlobalSection(SolutionProperties) = preSolution
		HideSolutionNode = FALSE
	EndGlobalSection
	GlobalSection(ExtensibilityGlobals) = postSolution
		SolutionGuid = {0339CC69-C943-4052-84AA-A2A6C7438F0F}
	EndGlobalSection
EndGlobal
